
Microsoft Visual Studio Solution File, Format Version 12.00
# Visual Studio Version 17
VisualStudioVersion = 17.9.34728.123
MinimumVisualStudioVersion = 10.0.40219.1
Project("{9A19103F-16F7-4668-BE54-9A1E7A4F7556}") = "WebApplicationForWebSystem", "WebApplicationForWebSystem.csproj", "{B6BF883E-F636-492D-B36F-4E4BE5A4055F}"
EndProject
Project("{FAE04EC0-301F-11D3-BF4B-00C04F79EFBC}") = "WebApplicationForWebSystem.DataAccess", "..\WebApplicationForWebSystem.DataAccess\WebApplicationForWebSystem.DataAccess.csproj", "{96E43E12-B732-47D1-B195-3A91E7BD6D8F}"
EndProject
Project("{FAE04EC0-301F-11D3-BF4B-00C04F79EFBC}") = "WebApplicationForWebSystem.Models", "..\WebApplicationForWebSystem.Models\WebApplicationForWebSystem.Models.csproj", "{9CEB4245-E748-4436-B3BE-0907D7192A66}"
EndProject
Project("{FAE04EC0-301F-11D3-BF4B-00C04F79EFBC}") = "WebApplicationForWebSystem.Utility", "..\WebApplicationForWebSystem.Utility\WebApplicationForWebSystem.Utility.csproj", "{0BFCB5D1-B4B4-4045-BE30-AFAC0A19D0FE}"
EndProject
Global
	GlobalSection(SolutionConfigurationPlatforms) = preSolution
		Debug|Any CPU = Debug|Any CPU
		Release|Any CPU = Release|Any CPU
	EndGlobalSection
	GlobalSection(ProjectConfigurationPlatforms) = postSolution
		{B6BF883E-F636-492D-B36F-4E4BE5A4055F}.Debug|Any CPU.ActiveCfg = Debug|Any CPU
		{B6BF883E-F636-492D-B36F-4E4BE5A4055F}.Debug|Any CPU.Build.0 = Debug|Any CPU
		{B6BF883E-F636-492D-B36F-4E4BE5A4055F}.Release|Any CPU.ActiveCfg = Release|Any CPU
		{B6BF883E-F636-492D-B36F-4E4BE5A4055F}.Release|Any CPU.Build.0 = Release|Any CPU
		{96E43E12-B732-47D1-B195-3A91E7BD6D8F}.Debug|Any CPU.ActiveCfg = Debug|Any CPU
		{96E43E12-B732-47D1-B195-3A91E7BD6D8F}.Debug|Any CPU.Build.0 = Debug|Any CPU
		{96E43E12-B732-47D1-B195-3A91E7BD6D8F}.Release|Any CPU.ActiveCfg = Release|Any CPU
		{96E43E12-B732-47D1-B195-3A91E7BD6D8F}.Release|Any CPU.Build.0 = Release|Any CPU
		{9CEB4245-E748-4436-B3BE-0907D7192A66}.Debug|Any CPU.ActiveCfg = Debug|Any CPU
		{9CEB4245-E748-4436-B3BE-0907D7192A66}.Debug|Any CPU.Build.0 = Debug|Any CPU
		{9CEB4245-E748-4436-B3BE-0907D7192A66}.Release|Any CPU.ActiveCfg = Release|Any CPU
		{9CEB4245-E748-4436-B3BE-0907D7192A66}.Release|Any CPU.Build.0 = Release|Any CPU
		{0BFCB5D1-B4B4-4045-BE30-AFAC0A19D0FE}.Debug|Any CPU.ActiveCfg = Debug|Any CPU
		{0BFCB5D1-B4B4-4045-BE30-AFAC0A19D0FE}.Debug|Any CPU.Build.0 = Debug|Any CPU
		{0BFCB5D1-B4B4-4045-BE30-AFAC0A19D0FE}.Release|Any CPU.ActiveCfg = Release|Any CPU
		{0BFCB5D1-B4B4-4045-BE30-AFAC0A19D0FE}.Release|Any CPU.Build.0 = Release|Any CPU
	EndGlobalSection
	GlobalSection(SolutionProperties) = preSolution
		HideSolutionNode = FALSE
	EndGlobalSection
	GlobalSection(ExtensibilityGlobals) = postSolution
		SolutionGuid = {12FC3214-37C2-45F8-B9B4-B1DC451F9D7D}
	EndGlobalSection
EndGlobal
